
Microsoft Visual Studio Solution File, Format Version 12.00
# Visual Studio 15
VisualStudioVersion = 15.0.26730.10
MinimumVisualStudioVersion = 10.0.40219.1
Project("{FAE04EC0-301F-11D3-BF4B-00C04F79EFBC}") = "TennisGameTraining", "TennisGameTraining\TennisGameTraining.csproj", "{A1A6B471-1A45-4BE2-AB01-1D150E709E60}"
EndProject
Project("{FAE04EC0-301F-11D3-BF4B-00C04F79EFBC}") = "TennisGameTrainingTests", "TennisGameTrainingTests\TennisGameTrainingTests.csproj", "{B9700967-DEED-49DD-BC06-16C03089A5E0}"
EndProject
Global
	GlobalSection(SolutionConfigurationPlatforms) = preSolution
		Debug|Any CPU = Debug|Any CPU
		Release|Any CPU = Release|Any CPU
	EndGlobalSection
	GlobalSection(ProjectConfigurationPlatforms) = postSolution
		{A1A6B471-1A45-4BE2-AB01-1D150E709E60}.Debug|Any CPU.ActiveCfg = Debug|Any CPU
		{A1A6B471-1A45-4BE2-AB01-1D150E709E60}.Debug|Any CPU.Build.0 = Debug|Any CPU
		{A1A6B471-1A45-4BE2-AB01-1D150E709E60}.Release|Any CPU.ActiveCfg = Release|Any CPU
		{A1A6B471-1A45-4BE2-AB01-1D150E709E60}.Release|Any CPU.Build.0 = Release|Any CPU
		{B9700967-DEED-49DD-BC06-16C03089A5E0}.Debug|Any CPU.ActiveCfg = Debug|Any CPU
		{B9700967-DEED-49DD-BC06-16C03089A5E0}.Debug|Any CPU.Build.0 = Debug|Any CPU
		{B9700967-DEED-49DD-BC06-16C03089A5E0}.Release|Any CPU.ActiveCfg = Release|Any CPU
		{B9700967-DEED-49DD-BC06-16C03089A5E0}.Release|Any CPU.Build.0 = Release|Any CPU
	EndGlobalSection
	GlobalSection(SolutionProperties) = preSolution
		HideSolutionNode = FALSE
	EndGlobalSection
	GlobalSection(ExtensibilityGlobals) = postSolution
		SolutionGuid = {7FE5247D-AB3C-4262-9363-14B8ACACCBEF}
	EndGlobalSection
EndGlobal
